# This file is automatically @generated by Cargo.
# It is not intended for manual editing.
version = 3

[[package]]
name = "avb-parse"
version = "0.0.0"

[[package]]
name = "gbl"
version = "0.0.0"

[[package]]
name = "gblp1"
version = "0.0.0"

[[package]]
name = "mode2-profile-core"
version = "0.0.0"

[[package]]
name = "patch-engine"
version = "0.0.0"

[[package]]
name = "pe-utils"
version = "0.0.0"
